
Microsoft Visual Studio Solution File, Format Version 12.00
# Visual Studio 15
Project("{FAE04EC0-301F-11D3-BF4B-00C04F79EFBC}") = "Assembly-CSharp", "Assembly-CSharp.csproj", "{20BCFAA8-B35A-BEFE-E3C9-EA4B7AD4080C}"
EndProject
Project("{FAE04EC0-301F-11D3-BF4B-00C04F79EFBC}") = "Assembly-CSharp", "Assembly-CSharp.Player.csproj", "{8FD2705E-DBD9-CA78-FA67-9044D3525094}"
EndProject
Global
	GlobalSection(SolutionConfigurationPlatforms) = preSolution
		Debug|Any CPU = Debug|Any CPU
		Release|Any CPU = Release|Any CPU
	EndGlobalSection
	GlobalSection(ProjectConfigurationPlatforms) = postSolution
		{20BCFAA8-B35A-BEFE-E3C9-EA4B7AD4080C}.Debug|Any CPU.ActiveCfg = Debug|Any CPU
		{20BCFAA8-B35A-BEFE-E3C9-EA4B7AD4080C}.Debug|Any CPU.Build.0 = Debug|Any CPU
		{20BCFAA8-B35A-BEFE-E3C9-EA4B7AD4080C}.Release|Any CPU.ActiveCfg = Release|Any CPU
		{20BCFAA8-B35A-BEFE-E3C9-EA4B7AD4080C}.Release|Any CPU.Build.0 = Release|Any CPU
		{8FD2705E-DBD9-CA78-FA67-9044D3525094}.Debug|Any CPU.ActiveCfg = Debug|Any CPU
		{8FD2705E-DBD9-CA78-FA67-9044D3525094}.Debug|Any CPU.Build.0 = Debug|Any CPU
		{8FD2705E-DBD9-CA78-FA67-9044D3525094}.Release|Any CPU.ActiveCfg = Release|Any CPU
		{8FD2705E-DBD9-CA78-FA67-9044D3525094}.Release|Any CPU.Build.0 = Release|Any CPU
	EndGlobalSection
	GlobalSection(SolutionProperties) = preSolution
		HideSolutionNode = FALSE
	EndGlobalSection
EndGlobal
